
Microsoft Visual Studio Solution File, Format Version 12.00
# Visual Studio Version 17
VisualStudioVersion = 17.9.34723.18
MinimumVisualStudioVersion = 10.0.40219.1
Project("{FAE04EC0-301F-11D3-BF4B-00C04F79EFBC}") = "DesignPatternAssignmnet", "DesignPatternAssignmnet\DesignPatternAssignmnet.csproj", "{1B6ACCD0-EF25-49EF-868C-27EE8EAB5746}"
EndProject
Global
	GlobalSection(SolutionConfigurationPlatforms) = preSolution
		Debug|Any CPU = Debug|Any CPU
		Release|Any CPU = Release|Any CPU
	EndGlobalSection
	GlobalSection(ProjectConfigurationPlatforms) = postSolution
		{1B6ACCD0-EF25-49EF-868C-27EE8EAB5746}.Debug|Any CPU.ActiveCfg = Debug|Any CPU
		{1B6ACCD0-EF25-49EF-868C-27EE8EAB5746}.Debug|Any CPU.Build.0 = Debug|Any CPU
		{1B6ACCD0-EF25-49EF-868C-27EE8EAB5746}.Release|Any CPU.ActiveCfg = Release|Any CPU
		{1B6ACCD0-EF25-49EF-868C-27EE8EAB5746}.Release|Any CPU.Build.0 = Release|Any CPU
	EndGlobalSection
	GlobalSection(SolutionProperties) = preSolution
		HideSolutionNode = FALSE
	EndGlobalSection
	GlobalSection(ExtensibilityGlobals) = postSolution
		SolutionGuid = {5F36679A-2956-4846-AAF1-4372C25829BA}
	EndGlobalSection
EndGlobal
